
Microsoft Visual Studio Solution File, Format Version 12.00
Project("{FAE04EC0-301F-11D3-BF4B-00C04F79EFBC}") = "Calculator", "Calculator\Calculator.csproj", "{D3427245-48AC-45E6-9A5B-90A47E6C2BFA}"
EndProject
Global
	GlobalSection(SolutionConfigurationPlatforms) = preSolution
		Debug|Any CPU = Debug|Any CPU
		Release|Any CPU = Release|Any CPU
	EndGlobalSection
	GlobalSection(ProjectConfigurationPlatforms) = postSolution
		{D3427245-48AC-45E6-9A5B-90A47E6C2BFA}.Debug|Any CPU.ActiveCfg = Debug|Any CPU
		{D3427245-48AC-45E6-9A5B-90A47E6C2BFA}.Debug|Any CPU.Build.0 = Debug|Any CPU
		{D3427245-48AC-45E6-9A5B-90A47E6C2BFA}.Release|Any CPU.ActiveCfg = Release|Any CPU
		{D3427245-48AC-45E6-9A5B-90A47E6C2BFA}.Release|Any CPU.Build.0 = Release|Any CPU
	EndGlobalSection
EndGlobal
